
Microsoft Visual Studio Solution File, Format Version 12.00
# Visual Studio Version 17
VisualStudioVersion = 17.4.32916.344
MinimumVisualStudioVersion = 10.0.40219.1
Project("{9A19103F-16F7-4668-BE54-9A1E7A4F7556}") = "SupplierPortal.Client", "SupplierPortal\Client\SupplierPortal.Client.csproj", "{8CB1D458-653A-4C83-B743-BE2B3371ABF4}"
EndProject
Project("{9A19103F-16F7-4668-BE54-9A1E7A4F7556}") = "SupplierPortal.Server", "SupplierPortal\Server\SupplierPortal.Server.csproj", "{9075CB58-BD04-40B1-B15E-45C8D4113C9B}"
EndProject
Project("{9A19103F-16F7-4668-BE54-9A1E7A4F7556}") = "SupplierPortal.Shared", "SupplierPortal\Shared\SupplierPortal.Shared.csproj", "{33D119C6-D7F9-413E-B8AB-3B78D334BF22}"
EndProject
Global
	GlobalSection(SolutionConfigurationPlatforms) = preSolution
		Debug|Any CPU = Debug|Any CPU
		Release|Any CPU = Release|Any CPU
	EndGlobalSection
	GlobalSection(ProjectConfigurationPlatforms) = postSolution
		{8CB1D458-653A-4C83-B743-BE2B3371ABF4}.Debug|Any CPU.ActiveCfg = Debug|Any CPU
		{8CB1D458-653A-4C83-B743-BE2B3371ABF4}.Debug|Any CPU.Build.0 = Debug|Any CPU
		{8CB1D458-653A-4C83-B743-BE2B3371ABF4}.Release|Any CPU.ActiveCfg = Release|Any CPU
		{8CB1D458-653A-4C83-B743-BE2B3371ABF4}.Release|Any CPU.Build.0 = Release|Any CPU
		{9075CB58-BD04-40B1-B15E-45C8D4113C9B}.Debug|Any CPU.ActiveCfg = Debug|Any CPU
		{9075CB58-BD04-40B1-B15E-45C8D4113C9B}.Debug|Any CPU.Build.0 = Debug|Any CPU
		{9075CB58-BD04-40B1-B15E-45C8D4113C9B}.Release|Any CPU.ActiveCfg = Release|Any CPU
		{9075CB58-BD04-40B1-B15E-45C8D4113C9B}.Release|Any CPU.Build.0 = Release|Any CPU
		{33D119C6-D7F9-413E-B8AB-3B78D334BF22}.Debug|Any CPU.ActiveCfg = Debug|Any CPU
		{33D119C6-D7F9-413E-B8AB-3B78D334BF22}.Debug|Any CPU.Build.0 = Debug|Any CPU
		{33D119C6-D7F9-413E-B8AB-3B78D334BF22}.Release|Any CPU.ActiveCfg = Release|Any CPU
		{33D119C6-D7F9-413E-B8AB-3B78D334BF22}.Release|Any CPU.Build.0 = Release|Any CPU
	EndGlobalSection
	GlobalSection(SolutionProperties) = preSolution
		HideSolutionNode = FALSE
	EndGlobalSection
	GlobalSection(ExtensibilityGlobals) = postSolution
		SolutionGuid = {8F9380F0-A8A5-4E82-ABD7-29D9A45130B6}
	EndGlobalSection
EndGlobal
